// !$*UTF8*$!
{
	archiveVersion = 1;
	classes = {
	};
	objectVersion = 56;
	objects = {

/* Begin PBXBuildFile section */
		A10001 /* PetRoutineApp.swift in Sources */ = {isa = PBXBuildFile; fileRef = B10001; };
		A10002 /* ContentView.swift in Sources */ = {isa = PBXBuildFile; fileRef = B10002; };
		A10003 /* Assets.xcassets in Resources */ = {isa = PBXBuildFile; fileRef = B10003; };
		A10004 /* Preview Assets.xcassets in Resources */ = {isa = PBXBuildFile; fileRef = B10004; };
		A10005 /* PetRoutine.xcdatamodeld in Sources */ = {isa = PBXBuildFile; fileRef = B10005; };
		A10010 /* Pet.swift in Sources */ = {isa = PBXBuildFile; fileRef = B10010; };
		A10011 /* CareTask.swift in Sources */ = {isa = PBXBuildFile; fileRef = B10011; };
		A10012 /* TaskCompletion.swift in Sources */ = {isa = PBXBuildFile; fileRef = B10012; };
		A10013 /* Routine.swift in Sources */ = {isa = PBXBuildFile; fileRef = B10013; };
		A10014 /* JournalEntry.swift in Sources */ = {isa = PBXBuildFile; fileRef = B10014; };
		A10015 /* VetInfo.swift in Sources */ = {isa = PBXBuildFile; fileRef = B10015; };
		A10016 /* Household.swift in Sources */ = {isa = PBXBuildFile; fileRef = B10016; };
		A10017 /* TimelineEvent.swift in Sources */ = {isa = PBXBuildFile; fileRef = B10017; };
		A10020 /* PersistenceController.swift in Sources */ = {isa = PBXBuildFile; fileRef = B10020; };
		A10021 /* NotificationService.swift in Sources */ = {isa = PBXBuildFile; fileRef = B10021; };
		A10022 /* StoreKitService.swift in Sources */ = {isa = PBXBuildFile; fileRef = B10022; };
		A10023 /* ExportService.swift in Sources */ = {isa = PBXBuildFile; fileRef = B10023; };
		A10030 /* CDPet+Extensions.swift in Sources */ = {isa = PBXBuildFile; fileRef = B10030; };
		A10031 /* Date+Extensions.swift in Sources */ = {isa = PBXBuildFile; fileRef = B10031; };
		A10040 /* PetViewModel.swift in Sources */ = {isa = PBXBuildFile; fileRef = B10040; };
		A10041 /* TaskViewModel.swift in Sources */ = {isa = PBXBuildFile; fileRef = B10041; };
		A10042 /* RoutineViewModel.swift in Sources */ = {isa = PBXBuildFile; fileRef = B10042; };
		A10043 /* JournalViewModel.swift in Sources */ = {isa = PBXBuildFile; fileRef = B10043; };
		A10044 /* HouseholdViewModel.swift in Sources */ = {isa = PBXBuildFile; fileRef = B10044; };
		A10045 /* VetInfoViewModel.swift in Sources */ = {isa = PBXBuildFile; fileRef = B10045; };
		A10046 /* TimelineViewModel.swift in Sources */ = {isa = PBXBuildFile; fileRef = B10046; };
		A10050 /* TodayView.swift in Sources */ = {isa = PBXBuildFile; fileRef = B10050; };
		A10051 /* TaskRowView.swift in Sources */ = {isa = PBXBuildFile; fileRef = B10051; };
		A10052 /* PetsListView.swift in Sources */ = {isa = PBXBuildFile; fileRef = B10052; };
		A10053 /* AddPetView.swift in Sources */ = {isa = PBXBuildFile; fileRef = B10053; };
		A10054 /* PetDetailView.swift in Sources */ = {isa = PBXBuildFile; fileRef = B10054; };
		A10055 /* EditPetView.swift in Sources */ = {isa = PBXBuildFile; fileRef = B10055; };
		A10056 /* AddTaskView.swift in Sources */ = {isa = PBXBuildFile; fileRef = B10056; };
		A10057 /* TaskDetailView.swift in Sources */ = {isa = PBXBuildFile; fileRef = B10057; };
		A10058 /* EditTaskView.swift in Sources */ = {isa = PBXBuildFile; fileRef = B10058; };
		A10059 /* LogView.swift in Sources */ = {isa = PBXBuildFile; fileRef = B10059; };
		A10060 /* AddJournalEntryView.swift in Sources */ = {isa = PBXBuildFile; fileRef = B10060; };
		A10061 /* TimelineView.swift in Sources */ = {isa = PBXBuildFile; fileRef = B10061; };
		A10062 /* RoutinesView.swift in Sources */ = {isa = PBXBuildFile; fileRef = B10062; };
		A10063 /* VetInfoView.swift in Sources */ = {isa = PBXBuildFile; fileRef = B10063; };
		A10064 /* HouseholdView.swift in Sources */ = {isa = PBXBuildFile; fileRef = B10064; };
		A10065 /* ExportView.swift in Sources */ = {isa = PBXBuildFile; fileRef = B10065; };
		A10066 /* SettingsView.swift in Sources */ = {isa = PBXBuildFile; fileRef = B10066; };
		A10070 /* PetAvatarView.swift in Sources */ = {isa = PBXBuildFile; fileRef = B10070; };
		A10071 /* PetSelectorView.swift in Sources */ = {isa = PBXBuildFile; fileRef = B10071; };
		A10072 /* EmptyStateView.swift in Sources */ = {isa = PBXBuildFile; fileRef = B10072; };
		A10073 /* PhotoPickerView.swift in Sources */ = {isa = PBXBuildFile; fileRef = B10073; };
		A20001 /* PetRoutineWidget.swift in Sources */ = {isa = PBXBuildFile; fileRef = B20001; };
		A20002 /* WidgetKit.framework in Frameworks */ = {isa = PBXBuildFile; fileRef = F20001; };
		A20003 /* SwiftUI.framework in Frameworks */ = {isa = PBXBuildFile; fileRef = F20002; };
		A20004 /* PetRoutineWidgetExtension.appex in Embed Foundation Extensions */ = {isa = PBXBuildFile; fileRef = P20000; settings = {ATTRIBUTES = (RemoveHeadersOnCopy, ); }; };
/* End PBXBuildFile section */

/* Begin PBXContainerItemProxy section */
		CP2001 /* PBXContainerItemProxy */ = {
			isa = PBXContainerItemProxy;
			containerPortal = ROOT0001;
			proxyType = 1;
			remoteGlobalIDString = NT2001;
			remoteInfo = PetRoutineWidgetExtension;
		};
/* End PBXContainerItemProxy section */

/* Begin PBXCopyFilesBuildPhase section */
		EMBED01 /* Embed Foundation Extensions */ = {
			isa = PBXCopyFilesBuildPhase;
			buildActionMask = 2147483647;
			dstPath = "";
			dstSubfolderSpec = 13;
			files = (
				A20004 /* PetRoutineWidgetExtension.appex in Embed Foundation Extensions */,
			);
			name = "Embed Foundation Extensions";
			runOnlyForDeploymentPostprocessing = 0;
		};
/* End PBXCopyFilesBuildPhase section */

/* Begin PBXFileReference section */
		P10000 /* PetRoutine.app */ = {isa = PBXFileReference; explicitFileType = wrapper.application; includeInIndex = 0; path = PetRoutine.app; sourceTree = BUILT_PRODUCTS_DIR; };
		P20000 /* PetRoutineWidgetExtension.appex */ = {isa = PBXFileReference; explicitFileType = "wrapper.app-extension"; includeInIndex = 0; path = PetRoutineWidgetExtension.appex; sourceTree = BUILT_PRODUCTS_DIR; };
		B10001 /* PetRoutineApp.swift */ = {isa = PBXFileReference; lastKnownFileType = sourcecode.swift; path = PetRoutineApp.swift; sourceTree = "<group>"; };
		B10002 /* ContentView.swift */ = {isa = PBXFileReference; lastKnownFileType = sourcecode.swift; path = ContentView.swift; sourceTree = "<group>"; };
		B10003 /* Assets.xcassets */ = {isa = PBXFileReference; lastKnownFileType = folder.assetcatalog; path = Assets.xcassets; sourceTree = "<group>"; };
		B10004 /* Preview Assets.xcassets */ = {isa = PBXFileReference; lastKnownFileType = folder.assetcatalog; path = "Preview Assets.xcassets"; sourceTree = "<group>"; };
		B10005 /* PetRoutine.xcdatamodeld */ = {isa = PBXFileReference; lastKnownFileType = wrapper.xcdatamodeld; path = PetRoutine.xcdatamodeld; sourceTree = "<group>"; };
		B10006 /* Info.plist */ = {isa = PBXFileReference; lastKnownFileType = text.plist.xml; path = Info.plist; sourceTree = "<group>"; };
		B10007 /* PetRoutine.entitlements */ = {isa = PBXFileReference; lastKnownFileType = text.plist.entitlements; path = PetRoutine.entitlements; sourceTree = "<group>"; };
		B10010 /* Pet.swift */ = {isa = PBXFileReference; lastKnownFileType = sourcecode.swift; path = Pet.swift; sourceTree = "<group>"; };
		B10011 /* CareTask.swift */ = {isa = PBXFileReference; lastKnownFileType = sourcecode.swift; path = CareTask.swift; sourceTree = "<group>"; };
		B10012 /* TaskCompletion.swift */ = {isa = PBXFileReference; lastKnownFileType = sourcecode.swift; path = TaskCompletion.swift; sourceTree = "<group>"; };
		B10013 /* Routine.swift */ = {isa = PBXFileReference; lastKnownFileType = sourcecode.swift; path = Routine.swift; sourceTree = "<group>"; };
		B10014 /* JournalEntry.swift */ = {isa = PBXFileReference; lastKnownFileType = sourcecode.swift; path = JournalEntry.swift; sourceTree = "<group>"; };
		B10015 /* VetInfo.swift */ = {isa = PBXFileReference; lastKnownFileType = sourcecode.swift; path = VetInfo.swift; sourceTree = "<group>"; };
		B10016 /* Household.swift */ = {isa = PBXFileReference; lastKnownFileType = sourcecode.swift; path = Household.swift; sourceTree = "<group>"; };
		B10017 /* TimelineEvent.swift */ = {isa = PBXFileReference; lastKnownFileType = sourcecode.swift; path = TimelineEvent.swift; sourceTree = "<group>"; };
		B10020 /* PersistenceController.swift */ = {isa = PBXFileReference; lastKnownFileType = sourcecode.swift; path = PersistenceController.swift; sourceTree = "<group>"; };
		B10021 /* NotificationService.swift */ = {isa = PBXFileReference; lastKnownFileType = sourcecode.swift; path = NotificationService.swift; sourceTree = "<group>"; };
		B10022 /* StoreKitService.swift */ = {isa = PBXFileReference; lastKnownFileType = sourcecode.swift; path = StoreKitService.swift; sourceTree = "<group>"; };
		B10023 /* ExportService.swift */ = {isa = PBXFileReference; lastKnownFileType = sourcecode.swift; path = ExportService.swift; sourceTree = "<group>"; };
		B10030 /* CDPet+Extensions.swift */ = {isa = PBXFileReference; lastKnownFileType = sourcecode.swift; path = "CDPet+Extensions.swift"; sourceTree = "<group>"; };
		B10031 /* Date+Extensions.swift */ = {isa = PBXFileReference; lastKnownFileType = sourcecode.swift; path = "Date+Extensions.swift"; sourceTree = "<group>"; };
		B10040 /* PetViewModel.swift */ = {isa = PBXFileReference; lastKnownFileType = sourcecode.swift; path = PetViewModel.swift; sourceTree = "<group>"; };
		B10041 /* TaskViewModel.swift */ = {isa = PBXFileReference; lastKnownFileType = sourcecode.swift; path = TaskViewModel.swift; sourceTree = "<group>"; };
		B10042 /* RoutineViewModel.swift */ = {isa = PBXFileReference; lastKnownFileType = sourcecode.swift; path = RoutineViewModel.swift; sourceTree = "<group>"; };
		B10043 /* JournalViewModel.swift */ = {isa = PBXFileReference; lastKnownFileType = sourcecode.swift; path = JournalViewModel.swift; sourceTree = "<group>"; };
		B10044 /* HouseholdViewModel.swift */ = {isa = PBXFileReference; lastKnownFileType = sourcecode.swift; path = HouseholdViewModel.swift; sourceTree = "<group>"; };
		B10045 /* VetInfoViewModel.swift */ = {isa = PBXFileReference; lastKnownFileType = sourcecode.swift; path = VetInfoViewModel.swift; sourceTree = "<group>"; };
		B10046 /* TimelineViewModel.swift */ = {isa = PBXFileReference; lastKnownFileType = sourcecode.swift; path = TimelineViewModel.swift; sourceTree = "<group>"; };
		B10050 /* TodayView.swift */ = {isa = PBXFileReference; lastKnownFileType = sourcecode.swift; path = TodayView.swift; sourceTree = "<group>"; };
		B10051 /* TaskRowView.swift */ = {isa = PBXFileReference; lastKnownFileType = sourcecode.swift; path = TaskRowView.swift; sourceTree = "<group>"; };
		B10052 /* PetsListView.swift */ = {isa = PBXFileReference; lastKnownFileType = sourcecode.swift; path = PetsListView.swift; sourceTree = "<group>"; };
		B10053 /* AddPetView.swift */ = {isa = PBXFileReference; lastKnownFileType = sourcecode.swift; path = AddPetView.swift; sourceTree = "<group>"; };
		B10054 /* PetDetailView.swift */ = {isa = PBXFileReference; lastKnownFileType = sourcecode.swift; path = PetDetailView.swift; sourceTree = "<group>"; };
		B10055 /* EditPetView.swift */ = {isa = PBXFileReference; lastKnownFileType = sourcecode.swift; path = EditPetView.swift; sourceTree = "<group>"; };
		B10056 /* AddTaskView.swift */ = {isa = PBXFileReference; lastKnownFileType = sourcecode.swift; path = AddTaskView.swift; sourceTree = "<group>"; };
		B10057 /* TaskDetailView.swift */ = {isa = PBXFileReference; lastKnownFileType = sourcecode.swift; path = TaskDetailView.swift; sourceTree = "<group>"; };
		B10058 /* EditTaskView.swift */ = {isa = PBXFileReference; lastKnownFileType = sourcecode.swift; path = EditTaskView.swift; sourceTree = "<group>"; };
		B10059 /* LogView.swift */ = {isa = PBXFileReference; lastKnownFileType = sourcecode.swift; path = LogView.swift; sourceTree = "<group>"; };
		B10060 /* AddJournalEntryView.swift */ = {isa = PBXFileReference; lastKnownFileType = sourcecode.swift; path = AddJournalEntryView.swift; sourceTree = "<group>"; };
		B10061 /* TimelineView.swift */ = {isa = PBXFileReference; lastKnownFileType = sourcecode.swift; path = TimelineView.swift; sourceTree = "<group>"; };
		B10062 /* RoutinesView.swift */ = {isa = PBXFileReference; lastKnownFileType = sourcecode.swift; path = RoutinesView.swift; sourceTree = "<group>"; };
		B10063 /* VetInfoView.swift */ = {isa = PBXFileReference; lastKnownFileType = sourcecode.swift; path = VetInfoView.swift; sourceTree = "<group>"; };
		B10064 /* HouseholdView.swift */ = {isa = PBXFileReference; lastKnownFileType = sourcecode.swift; path = HouseholdView.swift; sourceTree = "<group>"; };
		B10065 /* ExportView.swift */ = {isa = PBXFileReference; lastKnownFileType = sourcecode.swift; path = ExportView.swift; sourceTree = "<group>"; };
		B10066 /* SettingsView.swift */ = {isa = PBXFileReference; lastKnownFileType = sourcecode.swift; path = SettingsView.swift; sourceTree = "<group>"; };
		B10070 /* PetAvatarView.swift */ = {isa = PBXFileReference; lastKnownFileType = sourcecode.swift; path = PetAvatarView.swift; sourceTree = "<group>"; };
		B10071 /* PetSelectorView.swift */ = {isa = PBXFileReference; lastKnownFileType = sourcecode.swift; path = PetSelectorView.swift; sourceTree = "<group>"; };
		B10072 /* EmptyStateView.swift */ = {isa = PBXFileReference; lastKnownFileType = sourcecode.swift; path = EmptyStateView.swift; sourceTree = "<group>"; };
		B10073 /* PhotoPickerView.swift */ = {isa = PBXFileReference; lastKnownFileType = sourcecode.swift; path = PhotoPickerView.swift; sourceTree = "<group>"; };
		B20001 /* PetRoutineWidget.swift */ = {isa = PBXFileReference; lastKnownFileType = sourcecode.swift; path = PetRoutineWidget.swift; sourceTree = "<group>"; };
		B20002 /* Info.plist */ = {isa = PBXFileReference; lastKnownFileType = text.plist.xml; path = Info.plist; sourceTree = "<group>"; };
		F20001 /* WidgetKit.framework */ = {isa = PBXFileReference; lastKnownFileType = wrapper.framework; name = WidgetKit.framework; path = System/Library/Frameworks/WidgetKit.framework; sourceTree = SDKROOT; };
		F20002 /* SwiftUI.framework */ = {isa = PBXFileReference; lastKnownFileType = wrapper.framework; name = SwiftUI.framework; path = System/Library/Frameworks/SwiftUI.framework; sourceTree = SDKROOT; };
/* End PBXFileReference section */

/* Begin PBXFrameworksBuildPhase section */
		FBP1001 /* Frameworks */ = {
			isa = PBXFrameworksBuildPhase;
			buildActionMask = 2147483647;
			files = (
			);
			runOnlyForDeploymentPostprocessing = 0;
		};
		FBP2001 /* Frameworks */ = {
			isa = PBXFrameworksBuildPhase;
			buildActionMask = 2147483647;
			files = (
				A20002 /* WidgetKit.framework in Frameworks */,
				A20003 /* SwiftUI.framework in Frameworks */,
			);
			runOnlyForDeploymentPostprocessing = 0;
		};
/* End PBXFrameworksBuildPhase section */

/* Begin PBXGroup section */
		ROOT0000 = {
			isa = PBXGroup;
			children = (
				G10000 /* PetRoutine */,
				G20000 /* PetRoutineWidget */,
				GFRAMEWORKS /* Frameworks */,
				GPRODUCTS /* Products */,
			);
			sourceTree = "<group>";
		};
		GPRODUCTS /* Products */ = {
			isa = PBXGroup;
			children = (
				P10000 /* PetRoutine.app */,
				P20000 /* PetRoutineWidgetExtension.appex */,
			);
			name = Products;
			sourceTree = "<group>";
		};
		GFRAMEWORKS /* Frameworks */ = {
			isa = PBXGroup;
			children = (
				F20001 /* WidgetKit.framework */,
				F20002 /* SwiftUI.framework */,
			);
			name = Frameworks;
			sourceTree = "<group>";
		};
		G10000 /* PetRoutine */ = {
			isa = PBXGroup;
			children = (
				B10006 /* Info.plist */,
				B10007 /* PetRoutine.entitlements */,
				G10001 /* App */,
				G10002 /* Models */,
				G10003 /* ViewModels */,
				G10004 /* Views */,
				G10005 /* Services */,
				G10006 /* Extensions */,
				B10003 /* Assets.xcassets */,
				G10007 /* Preview Content */,
			);
			path = PetRoutine;
			sourceTree = "<group>";
		};
		G10001 /* App */ = {
			isa = PBXGroup;
			children = (
				B10001 /* PetRoutineApp.swift */,
				B10002 /* ContentView.swift */,
			);
			path = App;
			sourceTree = "<group>";
		};
		G10002 /* Models */ = {
			isa = PBXGroup;
			children = (
				G10002A /* CoreData */,
				B10010 /* Pet.swift */,
				B10011 /* CareTask.swift */,
				B10012 /* TaskCompletion.swift */,
				B10013 /* Routine.swift */,
				B10014 /* JournalEntry.swift */,
				B10015 /* VetInfo.swift */,
				B10016 /* Household.swift */,
				B10017 /* TimelineEvent.swift */,
			);
			path = Models;
			sourceTree = "<group>";
		};
		G10002A /* CoreData */ = {
			isa = PBXGroup;
			children = (
				B10005 /* PetRoutine.xcdatamodeld */,
			);
			path = CoreData;
			sourceTree = "<group>";
		};
		G10003 /* ViewModels */ = {
			isa = PBXGroup;
			children = (
				B10040 /* PetViewModel.swift */,
				B10041 /* TaskViewModel.swift */,
				B10042 /* RoutineViewModel.swift */,
				B10043 /* JournalViewModel.swift */,
				B10044 /* HouseholdViewModel.swift */,
				B10045 /* VetInfoViewModel.swift */,
				B10046 /* TimelineViewModel.swift */,
			);
			path = ViewModels;
			sourceTree = "<group>";
		};
		G10004 /* Views */ = {
			isa = PBXGroup;
			children = (
				G10004A /* Today */,
				G10004B /* Pets */,
				G10004C /* Log */,
				G10004D /* Tasks */,
				G10004E /* Routines */,
				G10004F /* VetInfo */,
				G10004G /* Household */,
				G10004H /* Export */,
				G10004I /* Settings */,
				G10004J /* Shared */,
			);
			path = Views;
			sourceTree = "<group>";
		};
		G10004A /* Today */ = {
			isa = PBXGroup;
			children = (
				B10050 /* TodayView.swift */,
				B10051 /* TaskRowView.swift */,
			);
			path = Today;
			sourceTree = "<group>";
		};
		G10004B /* Pets */ = {
			isa = PBXGroup;
			children = (
				B10052 /* PetsListView.swift */,
				B10053 /* AddPetView.swift */,
				B10054 /* PetDetailView.swift */,
				B10055 /* EditPetView.swift */,
			);
			path = Pets;
			sourceTree = "<group>";
		};
		G10004C /* Log */ = {
			isa = PBXGroup;
			children = (
				B10059 /* LogView.swift */,
				B10060 /* AddJournalEntryView.swift */,
				B10061 /* TimelineView.swift */,
			);
			path = Log;
			sourceTree = "<group>";
		};
		G10004D /* Tasks */ = {
			isa = PBXGroup;
			children = (
				B10056 /* AddTaskView.swift */,
				B10057 /* TaskDetailView.swift */,
				B10058 /* EditTaskView.swift */,
			);
			path = Tasks;
			sourceTree = "<group>";
		};
		G10004E /* Routines */ = {
			isa = PBXGroup;
			children = (
				B10062 /* RoutinesView.swift */,
			);
			path = Routines;
			sourceTree = "<group>";
		};
		G10004F /* VetInfo */ = {
			isa = PBXGroup;
			children = (
				B10063 /* VetInfoView.swift */,
			);
			path = VetInfo;
			sourceTree = "<group>";
		};
		G10004G /* Household */ = {
			isa = PBXGroup;
			children = (
				B10064 /* HouseholdView.swift */,
			);
			path = Household;
			sourceTree = "<group>";
		};
		G10004H /* Export */ = {
			isa = PBXGroup;
			children = (
				B10065 /* ExportView.swift */,
			);
			path = Export;
			sourceTree = "<group>";
		};
		G10004I /* Settings */ = {
			isa = PBXGroup;
			children = (
				B10066 /* SettingsView.swift */,
			);
			path = Settings;
			sourceTree = "<group>";
		};
		G10004J /* Shared */ = {
			isa = PBXGroup;
			children = (
				B10070 /* PetAvatarView.swift */,
				B10071 /* PetSelectorView.swift */,
				B10072 /* EmptyStateView.swift */,
				B10073 /* PhotoPickerView.swift */,
			);
			path = Shared;
			sourceTree = "<group>";
		};
		G10005 /* Services */ = {
			isa = PBXGroup;
			children = (
				B10020 /* PersistenceController.swift */,
				B10021 /* NotificationService.swift */,
				B10022 /* StoreKitService.swift */,
				B10023 /* ExportService.swift */,
			);
			path = Services;
			sourceTree = "<group>";
		};
		G10006 /* Extensions */ = {
			isa = PBXGroup;
			children = (
				B10030 /* CDPet+Extensions.swift */,
				B10031 /* Date+Extensions.swift */,
			);
			path = Extensions;
			sourceTree = "<group>";
		};
		G10007 /* Preview Content */ = {
			isa = PBXGroup;
			children = (
				B10004 /* Preview Assets.xcassets */,
			);
			path = "Preview Content";
			sourceTree = "<group>";
		};
		G20000 /* PetRoutineWidget */ = {
			isa = PBXGroup;
			children = (
				B20001 /* PetRoutineWidget.swift */,
				B20002 /* Info.plist */,
			);
			path = PetRoutineWidget;
			sourceTree = "<group>";
		};
/* End PBXGroup section */

/* Begin PBXNativeTarget section */
		NT1001 /* PetRoutine */ = {
			isa = PBXNativeTarget;
			buildConfigurationList = BCL1001;
			buildPhases = (
				SBP1001 /* Sources */,
				FBP1001 /* Frameworks */,
				RBP1001 /* Resources */,
				EMBED01 /* Embed Foundation Extensions */,
			);
			buildRules = (
			);
			dependencies = (
				DEP2001 /* PBXTargetDependency */,
			);
			name = PetRoutine;
			productName = PetRoutine;
			productReference = P10000 /* PetRoutine.app */;
			productType = "com.apple.product-type.application";
		};
		NT2001 /* PetRoutineWidgetExtension */ = {
			isa = PBXNativeTarget;
			buildConfigurationList = BCL2001;
			buildPhases = (
				SBP2001 /* Sources */,
				FBP2001 /* Frameworks */,
				RBP2001 /* Resources */,
			);
			buildRules = (
			);
			dependencies = (
			);
			name = PetRoutineWidgetExtension;
			productName = PetRoutineWidgetExtension;
			productReference = P20000 /* PetRoutineWidgetExtension.appex */;
			productType = "com.apple.product-type.app-extension";
		};
/* End PBXNativeTarget section */

/* Begin PBXProject section */
		ROOT0001 /* Project object */ = {
			isa = PBXProject;
			attributes = {
				BuildIndependentTargetsInParallel = 1;
				LastSwiftUpdateCheck = 1600;
				LastUpgradeCheck = 1600;
				TargetAttributes = {
					NT1001 = {
						CreatedOnToolsVersion = 16.0;
					};
					NT2001 = {
						CreatedOnToolsVersion = 16.0;
					};
				};
			};
			buildConfigurationList = BCL0001;
			compatibilityVersion = "Xcode 14.0";
			developmentRegion = en;
			hasScannedForEncodings = 0;
			knownRegions = (
				en,
				Base,
			);
			mainGroup = ROOT0000;
			productRefGroup = GPRODUCTS /* Products */;
			projectDirPath = "";
			projectRoot = "";
			targets = (
				NT1001 /* PetRoutine */,
				NT2001 /* PetRoutineWidgetExtension */,
			);
		};
/* End PBXProject section */

/* Begin PBXResourcesBuildPhase section */
		RBP1001 /* Resources */ = {
			isa = PBXResourcesBuildPhase;
			buildActionMask = 2147483647;
			files = (
				A10004 /* Preview Assets.xcassets in Resources */,
				A10003 /* Assets.xcassets in Resources */,
			);
			runOnlyForDeploymentPostprocessing = 0;
		};
		RBP2001 /* Resources */ = {
			isa = PBXResourcesBuildPhase;
			buildActionMask = 2147483647;
			files = (
			);
			runOnlyForDeploymentPostprocessing = 0;
		};
/* End PBXResourcesBuildPhase section */

/* Begin PBXSourcesBuildPhase section */
		SBP1001 /* Sources */ = {
			isa = PBXSourcesBuildPhase;
			buildActionMask = 2147483647;
			files = (
				A10001 /* PetRoutineApp.swift in Sources */,
				A10002 /* ContentView.swift in Sources */,
				A10005 /* PetRoutine.xcdatamodeld in Sources */,
				A10010 /* Pet.swift in Sources */,
				A10011 /* CareTask.swift in Sources */,
				A10012 /* TaskCompletion.swift in Sources */,
				A10013 /* Routine.swift in Sources */,
				A10014 /* JournalEntry.swift in Sources */,
				A10015 /* VetInfo.swift in Sources */,
				A10016 /* Household.swift in Sources */,
				A10017 /* TimelineEvent.swift in Sources */,
				A10020 /* PersistenceController.swift in Sources */,
				A10021 /* NotificationService.swift in Sources */,
				A10022 /* StoreKitService.swift in Sources */,
				A10023 /* ExportService.swift in Sources */,
				A10030 /* CDPet+Extensions.swift in Sources */,
				A10031 /* Date+Extensions.swift in Sources */,
				A10040 /* PetViewModel.swift in Sources */,
				A10041 /* TaskViewModel.swift in Sources */,
				A10042 /* RoutineViewModel.swift in Sources */,
				A10043 /* JournalViewModel.swift in Sources */,
				A10044 /* HouseholdViewModel.swift in Sources */,
				A10045 /* VetInfoViewModel.swift in Sources */,
				A10046 /* TimelineViewModel.swift in Sources */,
				A10050 /* TodayView.swift in Sources */,
				A10051 /* TaskRowView.swift in Sources */,
				A10052 /* PetsListView.swift in Sources */,
				A10053 /* AddPetView.swift in Sources */,
				A10054 /* PetDetailView.swift in Sources */,
				A10055 /* EditPetView.swift in Sources */,
				A10056 /* AddTaskView.swift in Sources */,
				A10057 /* TaskDetailView.swift in Sources */,
				A10058 /* EditTaskView.swift in Sources */,
				A10059 /* LogView.swift in Sources */,
				A10060 /* AddJournalEntryView.swift in Sources */,
				A10061 /* TimelineView.swift in Sources */,
				A10062 /* RoutinesView.swift in Sources */,
				A10063 /* VetInfoView.swift in Sources */,
				A10064 /* HouseholdView.swift in Sources */,
				A10065 /* ExportView.swift in Sources */,
				A10066 /* SettingsView.swift in Sources */,
				A10070 /* PetAvatarView.swift in Sources */,
				A10071 /* PetSelectorView.swift in Sources */,
				A10072 /* EmptyStateView.swift in Sources */,
				A10073 /* PhotoPickerView.swift in Sources */,
			);
			runOnlyForDeploymentPostprocessing = 0;
		};
		SBP2001 /* Sources */ = {
			isa = PBXSourcesBuildPhase;
			buildActionMask = 2147483647;
			files = (
				A20001 /* PetRoutineWidget.swift in Sources */,
			);
			runOnlyForDeploymentPostprocessing = 0;
		};
/* End PBXSourcesBuildPhase section */

/* Begin PBXTargetDependency section */
		DEP2001 /* PBXTargetDependency */ = {
			isa = PBXTargetDependency;
			target = NT2001 /* PetRoutineWidgetExtension */;
			targetProxy = CP2001 /* PBXContainerItemProxy */;
		};
/* End PBXTargetDependency section */

/* Begin XCBuildConfiguration section */
		BC0001 /* Debug */ = {
			isa = XCBuildConfiguration;
			buildSettings = {
				ALWAYS_SEARCH_USER_PATHS = NO;
				ASSETCATALOG_COMPILER_GENERATE_SWIFT_ASSET_SYMBOL_EXTENSIONS = YES;
				CLANG_ANALYZER_NONNULL = YES;
				CLANG_ANALYZER_NUMBER_OBJECT_CONVERSION = YES_AGGRESSIVE;
				CLANG_CXX_LANGUAGE_STANDARD = "gnu++20";
				CLANG_ENABLE_MODULES = YES;
				CLANG_ENABLE_OBJC_ARC = YES;
				CLANG_ENABLE_OBJC_WEAK = YES;
				CLANG_WARN_BLOCK_CAPTURE_AUTORELEASING = YES;
				CLANG_WARN_BOOL_CONVERSION = YES;
				CLANG_WARN_COMMA = YES;
				CLANG_WARN_CONSTANT_CONVERSION = YES;
				CLANG_WARN_DEPRECATED_OBJC_IMPLEMENTATIONS = YES;
				CLANG_WARN_DIRECT_OBJC_ISA_USAGE = YES_ERROR;
				CLANG_WARN_DOCUMENTATION_COMMENTS = YES;
				CLANG_WARN_EMPTY_BODY = YES;
				CLANG_WARN_ENUM_CONVERSION = YES;
				CLANG_WARN_INFINITE_RECURSION = YES;
				CLANG_WARN_INT_CONVERSION = YES;
				CLANG_WARN_NON_LITERAL_NULL_CONVERSION = YES;
				CLANG_WARN_OBJC_IMPLICIT_RETAIN_SELF = YES;
				CLANG_WARN_OBJC_LITERAL_CONVERSION = YES;
				CLANG_WARN_OBJC_ROOT_CLASS = YES_ERROR;
				CLANG_WARN_QUOTED_INCLUDE_IN_FRAMEWORK_HEADER = YES;
				CLANG_WARN_RANGE_LOOP_ANALYSIS = YES;
				CLANG_WARN_STRICT_PROTOTYPES = YES;
				CLANG_WARN_SUSPICIOUS_MOVE = YES;
				CLANG_WARN_UNGUARDED_AVAILABILITY = YES_AGGRESSIVE;
				CLANG_WARN_UNREACHABLE_CODE = YES;
				CLANG_WARN__DUPLICATE_METHOD_MATCH = YES;
				COPY_PHASE_STRIP = NO;
				DEBUG_INFORMATION_FORMAT = dwarf;
				ENABLE_STRICT_OBJC_MSGSEND = YES;
				ENABLE_TESTABILITY = YES;
				ENABLE_USER_SCRIPT_SANDBOXING = YES;
				GCC_C_LANGUAGE_STANDARD = gnu17;
				GCC_DYNAMIC_NO_PIC = NO;
				GCC_NO_COMMON_BLOCKS = YES;
				GCC_OPTIMIZATION_LEVEL = 0;
				GCC_PREPROCESSOR_DEFINITIONS = (
					"DEBUG=1",
					"$(inherited)",
				);
				GCC_WARN_64_TO_32_BIT_CONVERSION = YES;
				GCC_WARN_ABOUT_RETURN_TYPE = YES_ERROR;
				GCC_WARN_UNDECLARED_SELECTOR = YES;
				GCC_WARN_UNINITIALIZED_AUTOS = YES_AGGRESSIVE;
				GCC_WARN_UNUSED_FUNCTION = YES;
				GCC_WARN_UNUSED_VARIABLE = YES;
				IPHONEOS_DEPLOYMENT_TARGET = 17.0;
				LOCALIZATION_PREFERS_STRING_CATALOGS = YES;
				MTL_ENABLE_DEBUG_INFO = INCLUDE_SOURCE;
				MTL_FAST_MATH = YES;
				ONLY_ACTIVE_ARCH = YES;
				SDKROOT = iphoneos;
				SWIFT_ACTIVE_COMPILATION_CONDITIONS = "DEBUG $(inherited)";
				SWIFT_OPTIMIZATION_LEVEL = "-Onone";
				SWIFT_VERSION = 6.0;
			};
			name = Debug;
		};
		BC0002 /* Release */ = {
			isa = XCBuildConfiguration;
			buildSettings = {
				ALWAYS_SEARCH_USER_PATHS = NO;
				ASSETCATALOG_COMPILER_GENERATE_SWIFT_ASSET_SYMBOL_EXTENSIONS = YES;
				CLANG_ANALYZER_NONNULL = YES;
				CLANG_ANALYZER_NUMBER_OBJECT_CONVERSION = YES_AGGRESSIVE;
				CLANG_CXX_LANGUAGE_STANDARD = "gnu++20";
				CLANG_ENABLE_MODULES = YES;
				CLANG_ENABLE_OBJC_ARC = YES;
				CLANG_ENABLE_OBJC_WEAK = YES;
				CLANG_WARN_BLOCK_CAPTURE_AUTORELEASING = YES;
				CLANG_WARN_BOOL_CONVERSION = YES;
				CLANG_WARN_COMMA = YES;
				CLANG_WARN_CONSTANT_CONVERSION = YES;
				CLANG_WARN_DEPRECATED_OBJC_IMPLEMENTATIONS = YES;
				CLANG_WARN_DIRECT_OBJC_ISA_USAGE = YES_ERROR;
				CLANG_WARN_DOCUMENTATION_COMMENTS = YES;
				CLANG_WARN_EMPTY_BODY = YES;
				CLANG_WARN_ENUM_CONVERSION = YES;
				CLANG_WARN_INFINITE_RECURSION = YES;
				CLANG_WARN_INT_CONVERSION = YES;
				CLANG_WARN_NON_LITERAL_NULL_CONVERSION = YES;
				CLANG_WARN_OBJC_IMPLICIT_RETAIN_SELF = YES;
				CLANG_WARN_OBJC_LITERAL_CONVERSION = YES;
				CLANG_WARN_OBJC_ROOT_CLASS = YES_ERROR;
				CLANG_WARN_QUOTED_INCLUDE_IN_FRAMEWORK_HEADER = YES;
				CLANG_WARN_RANGE_LOOP_ANALYSIS = YES;
				CLANG_WARN_STRICT_PROTOTYPES = YES;
				CLANG_WARN_SUSPICIOUS_MOVE = YES;
				CLANG_WARN_UNGUARDED_AVAILABILITY = YES_AGGRESSIVE;
				CLANG_WARN_UNREACHABLE_CODE = YES;
				CLANG_WARN__DUPLICATE_METHOD_MATCH = YES;
				COPY_PHASE_STRIP = NO;
				DEBUG_INFORMATION_FORMAT = "dwarf-with-dsym";
				ENABLE_NS_ASSERTIONS = NO;
				ENABLE_STRICT_OBJC_MSGSEND = YES;
				ENABLE_USER_SCRIPT_SANDBOXING = YES;
				GCC_C_LANGUAGE_STANDARD = gnu17;
				GCC_NO_COMMON_BLOCKS = YES;
				GCC_WARN_64_TO_32_BIT_CONVERSION = YES;
				GCC_WARN_ABOUT_RETURN_TYPE = YES_ERROR;
				GCC_WARN_UNDECLARED_SELECTOR = YES;
				GCC_WARN_UNINITIALIZED_AUTOS = YES_AGGRESSIVE;
				GCC_WARN_UNUSED_FUNCTION = YES;
				GCC_WARN_UNUSED_VARIABLE = YES;
				IPHONEOS_DEPLOYMENT_TARGET = 17.0;
				LOCALIZATION_PREFERS_STRING_CATALOGS = YES;
				MTL_ENABLE_DEBUG_INFO = NO;
				MTL_FAST_MATH = YES;
				SDKROOT = iphoneos;
				SWIFT_COMPILATION_MODE = wholemodule;
				SWIFT_VERSION = 6.0;
				VALIDATE_PRODUCT = YES;
			};
			name = Release;
		};
		BC1001 /* Debug */ = {
			isa = XCBuildConfiguration;
			buildSettings = {
				ASSETCATALOG_COMPILER_APPICON_NAME = AppIcon;
				ASSETCATALOG_COMPILER_GLOBAL_ACCENT_COLOR_NAME = AccentColor;
				CODE_SIGN_STYLE = Automatic;
				CURRENT_PROJECT_VERSION = 1;
				DEVELOPMENT_ASSET_PATHS = "\"PetRoutine/Preview Content\"";
				ENABLE_PREVIEWS = YES;
				GENERATE_INFOPLIST_FILE = YES;
				INFOPLIST_FILE = PetRoutine/Info.plist;
				INFOPLIST_KEY_CFBundleDisplayName = PetRoutine;
				INFOPLIST_KEY_UIApplicationSceneManifest_Generation = YES;
				INFOPLIST_KEY_UIApplicationSupportsIndirectInputEvents = YES;
				INFOPLIST_KEY_UILaunchScreen_Generation = YES;
				INFOPLIST_KEY_UISupportedInterfaceOrientations_iPad = "UIInterfaceOrientationPortrait UIInterfaceOrientationPortraitUpsideDown UIInterfaceOrientationLandscapeLeft UIInterfaceOrientationLandscapeRight";
				INFOPLIST_KEY_UISupportedInterfaceOrientations_iPhone = "UIInterfaceOrientationPortrait UIInterfaceOrientationLandscapeLeft UIInterfaceOrientationLandscapeRight";
				LD_RUNPATH_SEARCH_PATHS = (
					"$(inherited)",
					"@executable_path/Frameworks",
				);
				MARKETING_VERSION = 1.0.0;
				PRODUCT_BUNDLE_IDENTIFIER = com.petroutine.app;
				PRODUCT_NAME = "$(TARGET_NAME)";
				SUPPORTED_PLATFORMS = "iphoneos iphonesimulator";
				SUPPORTS_MACCATALYST = NO;
				SWIFT_EMIT_LOC_STRINGS = YES;
				SWIFT_STRICT_CONCURRENCY = complete;
				SWIFT_VERSION = 6.0;
				TARGETED_DEVICE_FAMILY = "1,2";
			};
			name = Debug;
		};
		BC1002 /* Release */ = {
			isa = XCBuildConfiguration;
			buildSettings = {
				ASSETCATALOG_COMPILER_APPICON_NAME = AppIcon;
				ASSETCATALOG_COMPILER_GLOBAL_ACCENT_COLOR_NAME = AccentColor;
				CODE_SIGN_STYLE = Automatic;
				CURRENT_PROJECT_VERSION = 1;
				DEVELOPMENT_ASSET_PATHS = "\"PetRoutine/Preview Content\"";
				ENABLE_PREVIEWS = YES;
				GENERATE_INFOPLIST_FILE = YES;
				INFOPLIST_FILE = PetRoutine/Info.plist;
				INFOPLIST_KEY_CFBundleDisplayName = PetRoutine;
				INFOPLIST_KEY_UIApplicationSceneManifest_Generation = YES;
				INFOPLIST_KEY_UIApplicationSupportsIndirectInputEvents = YES;
				INFOPLIST_KEY_UILaunchScreen_Generation = YES;
				INFOPLIST_KEY_UISupportedInterfaceOrientations_iPad = "UIInterfaceOrientationPortrait UIInterfaceOrientationPortraitUpsideDown UIInterfaceOrientationLandscapeLeft UIInterfaceOrientationLandscapeRight";
				INFOPLIST_KEY_UISupportedInterfaceOrientations_iPhone = "UIInterfaceOrientationPortrait UIInterfaceOrientationLandscapeLeft UIInterfaceOrientationLandscapeRight";
				LD_RUNPATH_SEARCH_PATHS = (
					"$(inherited)",
					"@executable_path/Frameworks",
				);
				MARKETING_VERSION = 1.0.0;
				PRODUCT_BUNDLE_IDENTIFIER = com.petroutine.app;
				PRODUCT_NAME = "$(TARGET_NAME)";
				SUPPORTED_PLATFORMS = "iphoneos iphonesimulator";
				SUPPORTS_MACCATALYST = NO;
				SWIFT_EMIT_LOC_STRINGS = YES;
				SWIFT_STRICT_CONCURRENCY = complete;
				SWIFT_VERSION = 6.0;
				TARGETED_DEVICE_FAMILY = "1,2";
			};
			name = Release;
		};
		BC2001 /* Debug */ = {
			isa = XCBuildConfiguration;
			buildSettings = {
				CODE_SIGN_STYLE = Automatic;
				CURRENT_PROJECT_VERSION = 1;
				GENERATE_INFOPLIST_FILE = YES;
				INFOPLIST_FILE = PetRoutineWidget/Info.plist;
				INFOPLIST_KEY_CFBundleDisplayName = "PetRoutine Widget";
				INFOPLIST_KEY_NSHumanReadableCopyright = "";
				LD_RUNPATH_SEARCH_PATHS = (
					"$(inherited)",
					"@executable_path/Frameworks",
					"@executable_path/../../Frameworks",
				);
				MARKETING_VERSION = 1.0.0;
				PRODUCT_BUNDLE_IDENTIFIER = com.petroutine.app.widget;
				PRODUCT_NAME = "$(TARGET_NAME)";
				SKIP_INSTALL = YES;
				SUPPORTED_PLATFORMS = "iphoneos iphonesimulator";
				SWIFT_EMIT_LOC_STRINGS = YES;
				SWIFT_VERSION = 6.0;
				TARGETED_DEVICE_FAMILY = "1,2";
			};
			name = Debug;
		};
		BC2002 /* Release */ = {
			isa = XCBuildConfiguration;
			buildSettings = {
				CODE_SIGN_STYLE = Automatic;
				CURRENT_PROJECT_VERSION = 1;
				GENERATE_INFOPLIST_FILE = YES;
				INFOPLIST_FILE = PetRoutineWidget/Info.plist;
				INFOPLIST_KEY_CFBundleDisplayName = "PetRoutine Widget";
				INFOPLIST_KEY_NSHumanReadableCopyright = "";
				LD_RUNPATH_SEARCH_PATHS = (
					"$(inherited)",
					"@executable_path/Frameworks",
					"@executable_path/../../Frameworks",
				);
				MARKETING_VERSION = 1.0.0;
				PRODUCT_BUNDLE_IDENTIFIER = com.petroutine.app.widget;
				PRODUCT_NAME = "$(TARGET_NAME)";
				SKIP_INSTALL = YES;
				SUPPORTED_PLATFORMS = "iphoneos iphonesimulator";
				SWIFT_EMIT_LOC_STRINGS = YES;
				SWIFT_VERSION = 6.0;
				TARGETED_DEVICE_FAMILY = "1,2";
			};
			name = Release;
		};
/* End XCBuildConfiguration section */

/* Begin XCConfigurationList section */
		BCL0001 /* Build configuration list for PBXProject "PetRoutine" */ = {
			isa = XCConfigurationList;
			buildConfigurations = (
				BC0001 /* Debug */,
				BC0002 /* Release */,
			);
			defaultConfigurationIsVisible = 0;
			defaultConfigurationName = Release;
		};
		BCL1001 /* Build configuration list for PBXNativeTarget "PetRoutine" */ = {
			isa = XCConfigurationList;
			buildConfigurations = (
				BC1001 /* Debug */,
				BC1002 /* Release */,
			);
			defaultConfigurationIsVisible = 0;
			defaultConfigurationName = Release;
		};
		BCL2001 /* Build configuration list for PBXNativeTarget "PetRoutineWidgetExtension" */ = {
			isa = XCConfigurationList;
			buildConfigurations = (
				BC2001 /* Debug */,
				BC2002 /* Release */,
			);
			defaultConfigurationIsVisible = 0;
			defaultConfigurationName = Release;
		};
/* End XCConfigurationList section */

/* Begin XCVersionGroup section */
		B10005 /* PetRoutine.xcdatamodeld */ = {
			isa = XCVersionGroup;
			children = (
				B10005A /* PetRoutine.xcdatamodel */,
			);
			currentVersion = B10005A /* PetRoutine.xcdatamodel */;
			path = PetRoutine.xcdatamodeld;
			sourceTree = "<group>";
			versionGroupType = wrapper.xcdatamodel;
		};
		B10005A /* PetRoutine.xcdatamodel */ = {isa = PBXFileReference; lastKnownFileType = wrapper.xcdatamodel; path = PetRoutine.xcdatamodel; sourceTree = "<group>"; };
/* End XCVersionGroup section */
	};
	rootObject = ROOT0001 /* Project object */;
}
